
Microsoft Visual Studio Solution File, Format Version 12.00
# Visual Studio Version 16
VisualStudioVersion = 25.0.1705.0
MinimumVisualStudioVersion = 10.0.40219.1
Project("{FAE04EC0-301F-11D3-BF4B-00C04F79EFBC}") = "conEmpresa", "conEmpresa\conEmpresa.csproj", "{D264806B-E092-44BA-A3C7-6209C4DFEDED}"
EndProject
Global
	GlobalSection(SolutionConfigurationPlatforms) = preSolution
		Debug|Any CPU = Debug|Any CPU
		Release|Any CPU = Release|Any CPU
	EndGlobalSection
	GlobalSection(ProjectConfigurationPlatforms) = postSolution
		{D264806B-E092-44BA-A3C7-6209C4DFEDED}.Debug|Any CPU.ActiveCfg = Debug|Any CPU
		{D264806B-E092-44BA-A3C7-6209C4DFEDED}.Debug|Any CPU.Build.0 = Debug|Any CPU
		{D264806B-E092-44BA-A3C7-6209C4DFEDED}.Release|Any CPU.ActiveCfg = Release|Any CPU
		{D264806B-E092-44BA-A3C7-6209C4DFEDED}.Release|Any CPU.Build.0 = Release|Any CPU
	EndGlobalSection
	GlobalSection(SolutionProperties) = preSolution
		HideSolutionNode = FALSE
	EndGlobalSection
	GlobalSection(ExtensibilityGlobals) = postSolution
		SolutionGuid = {80D8FCBB-4597-4817-93DF-7124E0305433}
	EndGlobalSection
EndGlobal
